// !$*UTF8*$!
{
	archiveVersion = 1;
	classes = {};
	objectVersion = 56;
	objects = {

/* Begin PBXBuildFile section */
		A00000000000000000000101 /* P256WalletDemoApp.swift in Sources */ = {isa = PBXBuildFile; fileRef = A00000000000000000000201; };
		A00000000000000000000102 /* ContentView.swift in Sources */ = {isa = PBXBuildFile; fileRef = A00000000000000000000202; };
		A00000000000000000000103 /* WalletViewModel.swift in Sources */ = {isa = PBXBuildFile; fileRef = A00000000000000000000203; };
		A00000000000000000000104 /* Operation.swift in Sources */ = {isa = PBXBuildFile; fileRef = A00000000000000000000204; };
		A00000000000000000000105 /* P256Signer.swift in Sources */ = {isa = PBXBuildFile; fileRef = A00000000000000000000205; };
		A00000000000000000000106 /* Hex.swift in Sources */ = {isa = PBXBuildFile; fileRef = A00000000000000000000206; };
		A00000000000000000000107 /* OperationTests.swift in Sources */ = {isa = PBXBuildFile; fileRef = A00000000000000000000207; };
		A00000000000000000000108 /* XCTest.framework in Frameworks */ = {isa = PBXBuildFile; fileRef = A00000000000000000000210; };
		A00000000000000000000109 /* P256WalletDemo.app in Resources */ = {isa = PBXBuildFile; fileRef = A00000000000000000000208; };
/* End PBXBuildFile section */

/* Begin PBXContainerItemProxy section */
		A00000000000000000000301 = {isa = PBXContainerItemProxy; containerPortal = A00000000000000000000001; proxyType = 1; remoteGlobalIDString = A00000000000000000000401; remoteInfo = P256WalletDemo; };
/* End PBXContainerItemProxy section */

/* Begin PBXFileReference section */
		A00000000000000000000201 = {isa = PBXFileReference; lastKnownFileType = sourcecode.swift; path = P256WalletDemoApp.swift; sourceTree = "<group>"; };
		A00000000000000000000202 = {isa = PBXFileReference; lastKnownFileType = sourcecode.swift; path = ContentView.swift; sourceTree = "<group>"; };
		A00000000000000000000203 = {isa = PBXFileReference; lastKnownFileType = sourcecode.swift; path = WalletViewModel.swift; sourceTree = "<group>"; };
		A00000000000000000000204 = {isa = PBXFileReference; lastKnownFileType = sourcecode.swift; path = Operation.swift; sourceTree = "<group>"; };
		A00000000000000000000205 = {isa = PBXFileReference; lastKnownFileType = sourcecode.swift; path = P256Signer.swift; sourceTree = "<group>"; };
		A00000000000000000000206 = {isa = PBXFileReference; lastKnownFileType = sourcecode.swift; path = Hex.swift; sourceTree = "<group>"; };
		A00000000000000000000207 = {isa = PBXFileReference; lastKnownFileType = sourcecode.swift; path = OperationTests.swift; sourceTree = "<group>"; };
		A00000000000000000000208 = {isa = PBXFileReference; explicitFileType = wrapper.application; path = P256WalletDemo.app; sourceTree = BUILT_PRODUCTS_DIR; };
		A00000000000000000000209 = {isa = PBXFileReference; explicitFileType = wrapper.cfbundle; path = P256WalletDemoTests.xctest; sourceTree = BUILT_PRODUCTS_DIR; };
		A00000000000000000000210 = {isa = PBXFileReference; lastKnownFileType = wrapper.framework; name = XCTest.framework; path = System/Library/Frameworks/XCTest.framework; sourceTree = SDKROOT; };
		A00000000000000000000211 = {isa = PBXFileReference; lastKnownFileType = text.plist.xml; path = Info.plist; sourceTree = "<group>"; };
/* End PBXFileReference section */

/* Begin PBXFrameworksBuildPhase section */
		A00000000000000000000501 = {isa = PBXFrameworksBuildPhase; buildActionMask = 2147483647; files = (); runOnlyForDeploymentPostprocessing = 0; };
		A00000000000000000000502 = {isa = PBXFrameworksBuildPhase; buildActionMask = 2147483647; files = (A00000000000000000000108,); runOnlyForDeploymentPostprocessing = 0; };
/* End PBXFrameworksBuildPhase section */

/* Begin PBXGroup section */
		A00000000000000000000002 = {isa = PBXGroup; children = (A00000000000000000000601, A00000000000000000000602, A00000000000000000000603, A00000000000000000000604,); sourceTree = "<group>"; };
		A00000000000000000000601 = {isa = PBXGroup; path = P256WalletDemo; sourceTree = "<group>"; children = (A00000000000000000000201,A00000000000000000000202,A00000000000000000000203,A00000000000000000000204,A00000000000000000000205,A00000000000000000000206,A00000000000000000000211,); };
		A00000000000000000000602 = {isa = PBXGroup; path = P256WalletDemoTests; sourceTree = "<group>"; children = (A00000000000000000000207,); };
		A00000000000000000000603 = {isa = PBXGroup; name = Products; sourceTree = "<group>"; children = (A00000000000000000000208,A00000000000000000000209,); };
		A00000000000000000000604 = {isa = PBXGroup; name = Frameworks; sourceTree = "<group>"; children = (A00000000000000000000210,); };
/* End PBXGroup section */

/* Begin PBXNativeTarget section */
		A00000000000000000000401 = {isa = PBXNativeTarget; buildConfigurationList = A00000000000000000000701; buildPhases = (A00000000000000000000511,A00000000000000000000501,A00000000000000000000521,); buildRules = (); dependencies = (); name = P256WalletDemo; productName = P256WalletDemo; productReference = A00000000000000000000208; productType = "com.apple.product-type.application"; };
		A00000000000000000000402 = {isa = PBXNativeTarget; buildConfigurationList = A00000000000000000000702; buildPhases = (A00000000000000000000512,A00000000000000000000502,A00000000000000000000522,); buildRules = (); dependencies = (A00000000000000000000801,); name = P256WalletDemoTests; productName = P256WalletDemoTests; productReference = A00000000000000000000209; productType = "com.apple.product-type.bundle.unit-test"; };
/* End PBXNativeTarget section */

/* Begin PBXProject section */
		A00000000000000000000001 = {isa = PBXProject; attributes = {BuildIndependentTargetsInParallel = YES; LastSwiftUpdateCheck = 1600; LastUpgradeCheck = 1600; TargetAttributes = {A00000000000000000000401 = {CreatedOnToolsVersion = 16.0;}; A00000000000000000000402 = {CreatedOnToolsVersion = 16.0; TestTargetID = A00000000000000000000401;};};}; buildConfigurationList = A00000000000000000000700; compatibilityVersion = "Xcode 14.0"; developmentRegion = en; knownRegions = (en, Base); mainGroup = A00000000000000000000002; productRefGroup = A00000000000000000000603; projectDirPath = ""; projectRoot = ""; targets = (A00000000000000000000401,A00000000000000000000402,); };
/* End PBXProject section */

/* Begin PBXResourcesBuildPhase section */
		A00000000000000000000521 = {isa = PBXResourcesBuildPhase; buildActionMask = 2147483647; files = (); runOnlyForDeploymentPostprocessing = 0; };
		A00000000000000000000522 = {isa = PBXResourcesBuildPhase; buildActionMask = 2147483647; files = (); runOnlyForDeploymentPostprocessing = 0; };
/* End PBXResourcesBuildPhase section */

/* Begin PBXSourcesBuildPhase section */
		A00000000000000000000511 = {isa = PBXSourcesBuildPhase; buildActionMask = 2147483647; files = (A00000000000000000000101,A00000000000000000000102,A00000000000000000000103,A00000000000000000000104,A00000000000000000000105,A00000000000000000000106,); runOnlyForDeploymentPostprocessing = 0; };
		A00000000000000000000512 = {isa = PBXSourcesBuildPhase; buildActionMask = 2147483647; files = (A00000000000000000000107,); runOnlyForDeploymentPostprocessing = 0; };
/* End PBXSourcesBuildPhase section */

/* Begin PBXTargetDependency section */
		A00000000000000000000801 = {isa = PBXTargetDependency; target = A00000000000000000000401; targetProxy = A00000000000000000000301; };
/* End PBXTargetDependency section */

/* Begin XCBuildConfiguration section */
		A00000000000000000000901 = {isa = XCBuildConfiguration; buildSettings = {ALWAYS_SEARCH_USER_PATHS = NO; CLANG_ENABLE_MODULES = YES; ENABLE_TESTABILITY = YES; IPHONEOS_DEPLOYMENT_TARGET = 17.0; ONLY_ACTIVE_ARCH = YES; SDKROOT = iphoneos; SWIFT_OPTIMIZATION_LEVEL = "-Onone"; SWIFT_VERSION = 5.0;}; name = Debug; };
		A00000000000000000000902 = {isa = XCBuildConfiguration; buildSettings = {ALWAYS_SEARCH_USER_PATHS = NO; CLANG_ENABLE_MODULES = YES; IPHONEOS_DEPLOYMENT_TARGET = 17.0; SDKROOT = iphoneos; SWIFT_VERSION = 5.0;}; name = Release; };
		A00000000000000000000903 = {isa = XCBuildConfiguration; buildSettings = {CODE_SIGN_STYLE = Automatic; CURRENT_PROJECT_VERSION = 1; DEVELOPMENT_TEAM = 9AJKD9KA2B; GENERATE_INFOPLIST_FILE = NO; INFOPLIST_FILE = P256WalletDemo/Info.plist; MARKETING_VERSION = 1.0; PRODUCT_BUNDLE_IDENTIFIER = com.aziz.p256walletdemo; PRODUCT_NAME = "$(TARGET_NAME)"; SWIFT_EMIT_LOC_STRINGS = YES; TARGETED_DEVICE_FAMILY = "1,2";}; name = Debug; };
		A00000000000000000000904 = {isa = XCBuildConfiguration; buildSettings = {CODE_SIGN_STYLE = Automatic; CURRENT_PROJECT_VERSION = 1; DEVELOPMENT_TEAM = 9AJKD9KA2B; GENERATE_INFOPLIST_FILE = NO; INFOPLIST_FILE = P256WalletDemo/Info.plist; MARKETING_VERSION = 1.0; PRODUCT_BUNDLE_IDENTIFIER = com.aziz.p256walletdemo; PRODUCT_NAME = "$(TARGET_NAME)"; SWIFT_EMIT_LOC_STRINGS = YES; TARGETED_DEVICE_FAMILY = "1,2";}; name = Release; };
		A00000000000000000000905 = {isa = XCBuildConfiguration; buildSettings = {BUNDLE_LOADER = "$(TEST_HOST)"; CODE_SIGN_STYLE = Automatic; DEVELOPMENT_TEAM = 9AJKD9KA2B; GENERATE_INFOPLIST_FILE = YES; PRODUCT_BUNDLE_IDENTIFIER = com.aziz.P256WalletDemoTests; PRODUCT_NAME = "$(TARGET_NAME)"; SWIFT_VERSION = 5.0; TEST_HOST = "$(BUILT_PRODUCTS_DIR)/P256WalletDemo.app/$(BUNDLE_EXECUTABLE_FOLDER_PATH)/P256WalletDemo";}; name = Debug; };
		A00000000000000000000906 = {isa = XCBuildConfiguration; buildSettings = {BUNDLE_LOADER = "$(TEST_HOST)"; CODE_SIGN_STYLE = Automatic; DEVELOPMENT_TEAM = 9AJKD9KA2B; GENERATE_INFOPLIST_FILE = YES; PRODUCT_BUNDLE_IDENTIFIER = com.aziz.P256WalletDemoTests; PRODUCT_NAME = "$(TARGET_NAME)"; SWIFT_VERSION = 5.0; TEST_HOST = "$(BUILT_PRODUCTS_DIR)/P256WalletDemo.app/$(BUNDLE_EXECUTABLE_FOLDER_PATH)/P256WalletDemo";}; name = Release; };
/* End XCBuildConfiguration section */

/* Begin XCConfigurationList section */
		A00000000000000000000700 = {isa = XCConfigurationList; buildConfigurations = (A00000000000000000000901,A00000000000000000000902,); defaultConfigurationIsVisible = 0; defaultConfigurationName = Release; };
		A00000000000000000000701 = {isa = XCConfigurationList; buildConfigurations = (A00000000000000000000903,A00000000000000000000904,); defaultConfigurationIsVisible = 0; defaultConfigurationName = Release; };
		A00000000000000000000702 = {isa = XCConfigurationList; buildConfigurations = (A00000000000000000000905,A00000000000000000000906,); defaultConfigurationIsVisible = 0; defaultConfigurationName = Release; };
/* End XCConfigurationList section */
	};
	rootObject = A00000000000000000000001;
}
